hash: 7aec79fc3056967309632e507bb48ca54823fc4f33c46955f3db05db4d370c8d
updated: 2016-03-17T18:02:36.866384463+01:00
imports:
- name: github.com/Sirupsen/logrus
  version: 4b6ea7319e214d98c938f12692336f7ca9348d6b
- name: github.com/spf13/cobra
  version: 1bacefc9a216c93293e670067bd159a64b4d72c3
devImports: []
