hash: 7aec79fc3056967309632e507bb48ca54823fc4f33c46955f3db05db4d370c8d
updated: 2016-03-16T21:52:33.648461579+01:00
imports:
- name: github.com/inconshreveable/mousetrap
  version: 76626ae9c91c4f2a10f34cad8ce83ea42c93bb75
- name: github.com/Sirupsen/logrus
  version: a26f43589d737684363ff856c5a0f9f24b946510
- name: github.com/spf13/cobra
  version: 1bacefc9a216c93293e670067bd159a64b4d72c3
- name: github.com/spf13/pflag
  version: 7f60f83a2c81bc3c3c0d5297f61ddfa68da9d3b7
devImports: []
